{
	"name": "weather",
	"version": "1.2.0",
	"lockfileVersion": 3,
	"requires": true,
	"packages": {
		"": {
			"name": "weather",
			"version": "1.2.0",
			"dependencies": {
				"@xtrn/server": "^1.0.0",
				"zod": "^4.0.0"
			},
			"devDependencies": {
				"@types/bun": "latest",
				"@xtrn/cli": "^1.0.0"
			},
			"peerDependencies": {
				"typescript": "^5"
			}
		},
		"node_modules/@cloudflare/workerd-darwin-64": {
			"version": "1.20250718.0",
			"resolved": "https://registry.npmjs.org/@cloudflare/workerd-darwin-64/-/workerd-darwin-64-1.20250718.0.tgz",
			"integrity": "sha512-FHf4t7zbVN8yyXgQ/r/GqLPaYZSGUVzeR7RnL28Mwj2djyw2ZergvytVc7fdGcczl6PQh+VKGfZCfUqpJlbi9g==",
			"cpu": [
				"x64"
			],
			"dev": true,
			"license": "Apache-2.0",
			"optional": true,
			"os": [
				"darwin"
			],
			"engines": {
				"node": ">=16"
			}
		},
		"node_modules/@cloudflare/workerd-darwin-arm64": {
			"version": "1.20250718.0",
			"cpu": [
				"arm64"
			],
			"dev": true,
			"license": "Apache-2.0",
			"optional": true,
			"os": [
				"darwin"
			],
			"engines": {
				"node": ">=16"
			}
		},
		"node_modules/@cloudflare/workerd-linux-64": {
			"version": "1.20250718.0",
			"resolved": "https://registry.npmjs.org/@cloudflare/workerd-linux-64/-/workerd-linux-64-1.20250718.0.tgz",
			"integrity": "sha512-5+eb3rtJMiEwp08Kryqzzu8d1rUcK+gdE442auo5eniMpT170Dz0QxBrqkg2Z48SFUPYbj+6uknuA5tzdRSUSg==",
			"cpu": [
				"x64"
			],
			"dev": true,
			"license": "Apache-2.0",
			"optional": true,
			"os": [
				"linux"
			],
			"engines": {
				"node": ">=16"
			}
		},
		"node_modules/@cloudflare/workerd-linux-arm64": {
			"version": "1.20250718.0",
			"resolved": "https://registry.npmjs.org/@cloudflare/workerd-linux-arm64/-/workerd-linux-arm64-1.20250718.0.tgz",
			"integrity": "sha512-Aa2M/DVBEBQDdATMbn217zCSFKE+ud/teS+fFS+OQqKABLn0azO2qq6ANAHYOIE6Q3Sq4CxDIQr8lGdaJHwUog==",
			"cpu": [
				"arm64"
			],
			"dev": true,
			"license": "Apache-2.0",
			"optional": true,
			"os": [
				"linux"
			],
			"engines": {
				"node": ">=16"
			}
		},
		"node_modules/@cloudflare/workerd-windows-64": {
			"version": "1.20250718.0",
			"resolved": "https://registry.npmjs.org/@cloudflare/workerd-windows-64/-/workerd-windows-64-1.20250718.0.tgz",
			"integrity": "sha512-dY16RXKffmugnc67LTbyjdDHZn5NoTF1yHEf2fN4+OaOnoGSp3N1x77QubTDwqZ9zECWxgQfDLjddcH8dWeFhg==",
			"cpu": [
				"x64"
			],
			"dev": true,
			"license": "Apache-2.0",
			"optional": true,
			"os": [
				"win32"
			],
			"engines": {
				"node": ">=16"
			}
		},
		"node_modules/@cspotcode/source-map-support": {
			"version": "0.8.1",
			"dev": true,
			"license": "MIT",
			"dependencies": {
				"@jridgewell/trace-mapping": "0.3.9"
			},
			"engines": {
				"node": ">=12"
			}
		},
		"node_modules/@fastify/busboy": {
			"version": "2.1.1",
			"dev": true,
			"license": "MIT",
			"engines": {
				"node": ">=14"
			}
		},
		"node_modules/@jridgewell/resolve-uri": {
			"version": "3.1.2",
			"dev": true,
			"license": "MIT",
			"engines": {
				"node": ">=6.0.0"
			}
		},
		"node_modules/@jridgewell/sourcemap-codec": {
			"version": "1.5.5",
			"dev": true,
			"license": "MIT"
		},
		"node_modules/@jridgewell/trace-mapping": {
			"version": "0.3.9",
			"dev": true,
			"license": "MIT",
			"dependencies": {
				"@jridgewell/resolve-uri": "^3.0.3",
				"@jridgewell/sourcemap-codec": "^1.4.10"
			}
		},
		"node_modules/@types/bun": {
			"version": "1.3.9",
			"resolved": "https://registry.npmjs.org/@types/bun/-/bun-1.3.9.tgz",
			"integrity": "sha512-KQ571yULOdWJiMH+RIWIOZ7B2RXQGpL1YQrBtLIV3FqDcCu6FsbFUBwhdKUlCKUpS3PJDsHlJ1QKlpxoVR+xtw==",
			"dev": true,
			"license": "MIT",
			"dependencies": {
				"bun-types": "1.3.9"
			}
		},
		"node_modules/@types/node": {
			"version": "25.3.0",
			"dev": true,
			"license": "MIT",
			"dependencies": {
				"undici-types": "~7.18.0"
			}
		},
		"node_modules/@xtrn/cli": {
			"version": "1.1.1",
			"dev": true,
			"dependencies": {
				"miniflare": "^3.20250115.0"
			},
			"bin": {
				"xtrn": "dist/cli.js"
			}
		},
		"node_modules/@xtrn/server": {
			"version": "1.3.0",
			"license": "MIT",
			"dependencies": {
				"hono": "^4.10.4"
			},
			"peerDependencies": {
				"typescript": "^5",
				"zod": "^4.0.0"
			}
		},
		"node_modules/acorn": {
			"version": "8.14.0",
			"dev": true,
			"license": "MIT",
			"bin": {
				"acorn": "bin/acorn"
			},
			"engines": {
				"node": ">=0.4.0"
			}
		},
		"node_modules/acorn-walk": {
			"version": "8.3.2",
			"dev": true,
			"license": "MIT",
			"engines": {
				"node": ">=0.4.0"
			}
		},
		"node_modules/as-table": {
			"version": "1.0.55",
			"dev": true,
			"license": "MIT",
			"dependencies": {
				"printable-characters": "^1.0.42"
			}
		},
		"node_modules/bun-types": {
			"version": "1.3.9",
			"dev": true,
			"license": "MIT",
			"dependencies": {
				"@types/node": "*"
			}
		},
		"node_modules/cookie": {
			"version": "0.7.2",
			"dev": true,
			"license": "MIT",
			"engines": {
				"node": ">= 0.6"
			}
		},
		"node_modules/data-uri-to-buffer": {
			"version": "2.0.2",
			"dev": true,
			"license": "MIT"
		},
		"node_modules/exit-hook": {
			"version": "2.2.1",
			"dev": true,
			"license": "MIT",
			"engines": {
				"node": ">=6"
			},
			"funding": {
				"url": "https://github.com/sponsors/sindresorhus"
			}
		},
		"node_modules/get-source": {
			"version": "2.0.12",
			"dev": true,
			"license": "Unlicense",
			"dependencies": {
				"data-uri-to-buffer": "^2.0.0",
				"source-map": "^0.6.1"
			}
		},
		"node_modules/glob-to-regexp": {
			"version": "0.4.1",
			"dev": true,
			"license": "BSD-2-Clause"
		},
		"node_modules/hono": {
			"version": "4.12.1",
			"license": "MIT",
			"engines": {
				"node": ">=16.9.0"
			}
		},
		"node_modules/miniflare": {
			"version": "3.20250718.3",
			"dev": true,
			"license": "MIT",
			"dependencies": {
				"@cspotcode/source-map-support": "0.8.1",
				"acorn": "8.14.0",
				"acorn-walk": "8.3.2",
				"exit-hook": "2.2.1",
				"glob-to-regexp": "0.4.1",
				"stoppable": "1.1.0",
				"undici": "^5.28.5",
				"workerd": "1.20250718.0",
				"ws": "8.18.0",
				"youch": "3.3.4",
				"zod": "3.22.3"
			},
			"bin": {
				"miniflare": "bootstrap.js"
			},
			"engines": {
				"node": ">=16.13"
			}
		},
		"node_modules/miniflare/node_modules/zod": {
			"version": "3.22.3",
			"dev": true,
			"license": "MIT",
			"funding": {
				"url": "https://github.com/sponsors/colinhacks"
			}
		},
		"node_modules/mustache": {
			"version": "4.2.0",
			"dev": true,
			"license": "MIT",
			"bin": {
				"mustache": "bin/mustache"
			}
		},
		"node_modules/printable-characters": {
			"version": "1.0.42",
			"dev": true,
			"license": "Unlicense"
		},
		"node_modules/source-map": {
			"version": "0.6.1",
			"dev": true,
			"license": "BSD-3-Clause",
			"engines": {
				"node": ">=0.10.0"
			}
		},
		"node_modules/stacktracey": {
			"version": "2.1.8",
			"dev": true,
			"license": "Unlicense",
			"dependencies": {
				"as-table": "^1.0.36",
				"get-source": "^2.0.12"
			}
		},
		"node_modules/stoppable": {
			"version": "1.1.0",
			"dev": true,
			"license": "MIT",
			"engines": {
				"node": ">=4",
				"npm": ">=6"
			}
		},
		"node_modules/typescript": {
			"version": "5.9.3",
			"license": "Apache-2.0",
			"peer": true,
			"bin": {
				"tsc": "bin/tsc",
				"tsserver": "bin/tsserver"
			},
			"engines": {
				"node": ">=14.17"
			}
		},
		"node_modules/undici": {
			"version": "5.29.0",
			"dev": true,
			"license": "MIT",
			"dependencies": {
				"@fastify/busboy": "^2.0.0"
			},
			"engines": {
				"node": ">=14.0"
			}
		},
		"node_modules/undici-types": {
			"version": "7.18.2",
			"dev": true,
			"license": "MIT"
		},
		"node_modules/workerd": {
			"version": "1.20250718.0",
			"dev": true,
			"hasInstallScript": true,
			"license": "Apache-2.0",
			"bin": {
				"workerd": "bin/workerd"
			},
			"engines": {
				"node": ">=16"
			},
			"optionalDependencies": {
				"@cloudflare/workerd-darwin-64": "1.20250718.0",
				"@cloudflare/workerd-darwin-arm64": "1.20250718.0",
				"@cloudflare/workerd-linux-64": "1.20250718.0",
				"@cloudflare/workerd-linux-arm64": "1.20250718.0",
				"@cloudflare/workerd-windows-64": "1.20250718.0"
			}
		},
		"node_modules/ws": {
			"version": "8.18.0",
			"dev": true,
			"license": "MIT",
			"engines": {
				"node": ">=10.0.0"
			},
			"peerDependencies": {
				"bufferutil": "^4.0.1",
				"utf-8-validate": ">=5.0.2"
			},
			"peerDependenciesMeta": {
				"bufferutil": {
					"optional": true
				},
				"utf-8-validate": {
					"optional": true
				}
			}
		},
		"node_modules/youch": {
			"version": "3.3.4",
			"dev": true,
			"license": "MIT",
			"dependencies": {
				"cookie": "^0.7.1",
				"mustache": "^4.2.0",
				"stacktracey": "^2.1.8"
			}
		},
		"node_modules/zod": {
			"version": "4.3.6",
			"license": "MIT",
			"funding": {
				"url": "https://github.com/sponsors/colinhacks"
			}
		}
	}
}
